
Microsoft Visual Studio Solution File, Format Version 12.00
# Visual Studio Version 17
VisualStudioVersion = 17.8.34316.72
MinimumVisualStudioVersion = 10.0.40219.1
Project("{FAE04EC0-301F-11D3-BF4B-00C04F79EFBC}") = "SpeedTest", "SpeedTest\SpeedTest.csproj", "{DAE9EE3F-ECA7-4412-9789-C2396001D089}"
EndProject
Global
	GlobalSection(SolutionConfigurationPlatforms) = preSolution
		Debug|Any CPU = Debug|Any CPU
		Release|Any CPU = Release|Any CPU
	EndGlobalSection
	GlobalSection(ProjectConfigurationPlatforms) = postSolution
		{DAE9EE3F-ECA7-4412-9789-C2396001D089}.Debug|Any CPU.ActiveCfg = Debug|Any CPU
		{DAE9EE3F-ECA7-4412-9789-C2396001D089}.Debug|Any CPU.Build.0 = Debug|Any CPU
		{DAE9EE3F-ECA7-4412-9789-C2396001D089}.Release|Any CPU.ActiveCfg = Release|Any CPU
		{DAE9EE3F-ECA7-4412-9789-C2396001D089}.Release|Any CPU.Build.0 = Release|Any CPU
	EndGlobalSection
	GlobalSection(SolutionProperties) = preSolution
		HideSolutionNode = FALSE
	EndGlobalSection
	GlobalSection(ExtensibilityGlobals) = postSolution
		SolutionGuid = {A0BB033D-02FA-4553-9040-8090D2D91800}
	EndGlobalSection
EndGlobal
